
Microsoft Visual Studio Solution File, Format Version 12.00
# Visual Studio Version 16
VisualStudioVersion = 16.0.32630.194
MinimumVisualStudioVersion = 10.0.40219.1
Project("{FAE04EC0-301F-11D3-BF4B-00C04F79EFBC}") = "PMQuanLyNhaTho", "PMQuanLyNhaTho\PMQuanLyNhaTho.csproj", "{CE94517F-00C8-49D0-940B-ACDF91B2D0A4}"
EndProject
Global
	GlobalSection(SolutionConfigurationPlatforms) = preSolution
		Debug|Any CPU = Debug|Any CPU
		Release|Any CPU = Release|Any CPU
	EndGlobalSection
	GlobalSection(ProjectConfigurationPlatforms) = postSolution
		{CE94517F-00C8-49D0-940B-ACDF91B2D0A4}.Debug|Any CPU.ActiveCfg = Debug|Any CPU
		{CE94517F-00C8-49D0-940B-ACDF91B2D0A4}.Debug|Any CPU.Build.0 = Debug|Any CPU
		{CE94517F-00C8-49D0-940B-ACDF91B2D0A4}.Release|Any CPU.ActiveCfg = Release|Any CPU
		{CE94517F-00C8-49D0-940B-ACDF91B2D0A4}.Release|Any CPU.Build.0 = Release|Any CPU
	EndGlobalSection
	GlobalSection(SolutionProperties) = preSolution
		HideSolutionNode = FALSE
	EndGlobalSection
	GlobalSection(ExtensibilityGlobals) = postSolution
		SolutionGuid = {B684B263-F9BF-42C1-996A-0CB3045A4926}
	EndGlobalSection
EndGlobal
